// !$*UTF8*$!
{
	archiveVersion = 1;
	classes = {
	};
	objectVersion = 56;
	objects = {

/* Begin PBXBuildFile section */
		69D366792A60E90C00706977 /* AppDelegate.swift in Sources */ = {isa = PBXBuildFile; fileRef = 69D366782A60E90C00706977 /* AppDelegate.swift */; };
		69D3667B2A60E90C00706977 /* SceneDelegate.swift in Sources */ = {isa = PBXBuildFile; fileRef = 69D3667A2A60E90C00706977 /* SceneDelegate.swift */; };
		69D3667D2A60E90C00706977 /* ViewController.swift in Sources */ = {isa = PBXBuildFile; fileRef = 69D3667C2A60E90C00706977 /* ViewController.swift */; };
		69D366802A60E90C00706977 /* Main.storyboard in Resources */ = {isa = PBXBuildFile; fileRef = 69D3667E2A60E90C00706977 /* Main.storyboard */; };
		69D366832A60E90C00706977 /* GameRanking.xcdatamodeld in Sources */ = {isa = PBXBuildFile; fileRef = 69D366812A60E90C00706977 /* GameRanking.xcdatamodeld */; };
		69D366852A60E90D00706977 /* Assets.xcassets in Resources */ = {isa = PBXBuildFile; fileRef = 69D366842A60E90D00706977 /* Assets.xcassets */; };
		69D366882A60E90D00706977 /* LaunchScreen.storyboard in Resources */ = {isa = PBXBuildFile; fileRef = 69D366862A60E90D00706977 /* LaunchScreen.storyboard */; };
		69D366902A60E9BC00706977 /* RankingViewController.swift in Sources */ = {isa = PBXBuildFile; fileRef = 69D3668F2A60E9BC00706977 /* RankingViewController.swift */; };
		69D366962A70B66300706977 /* pokemon.json in Resources */ = {isa = PBXBuildFile; fileRef = 69D366952A70B66300706977 /* pokemon.json */; };
		69D3669A2A70B72300706977 /* helpers.swift in Sources */ = {isa = PBXBuildFile; fileRef = 69D366992A70B72300706977 /* helpers.swift */; };
/* End PBXBuildFile section */

/* Begin PBXFileReference section */
		69D366752A60E90C00706977 /* GameRanking.app */ = {isa = PBXFileReference; explicitFileType = wrapper.application; includeInIndex = 0; path = GameRanking.app; sourceTree = BUILT_PRODUCTS_DIR; };
		69D366782A60E90C00706977 /* AppDelegate.swift */ = {isa = PBXFileReference; lastKnownFileType = sourcecode.swift; path = AppDelegate.swift; sourceTree = "<group>"; };
		69D3667A2A60E90C00706977 /* SceneDelegate.swift */ = {isa = PBXFileReference; lastKnownFileType = sourcecode.swift; path = SceneDelegate.swift; sourceTree = "<group>"; };
		69D3667C2A60E90C00706977 /* ViewController.swift */ = {isa = PBXFileReference; lastKnownFileType = sourcecode.swift; path = ViewController.swift; sourceTree = "<group>"; };
		69D3667F2A60E90C00706977 /* Base */ = {isa = PBXFileReference; lastKnownFileType = file.storyboard; name = Base; path = Base.lproj/Main.storyboard; sourceTree = "<group>"; };
		69D366822A60E90C00706977 /* GameRanking.xcdatamodel */ = {isa = PBXFileReference; lastKnownFileType = wrapper.xcdatamodel; path = GameRanking.xcdatamodel; sourceTree = "<group>"; };
		69D366842A60E90D00706977 /* Assets.xcassets */ = {isa = PBXFileReference; lastKnownFileType = folder.assetcatalog; path = Assets.xcassets; sourceTree = "<group>"; };
		69D366872A60E90D00706977 /* Base */ = {isa = PBXFileReference; lastKnownFileType = file.storyboard; name = Base; path = Base.lproj/LaunchScreen.storyboard; sourceTree = "<group>"; };
		69D366892A60E90D00706977 /* Info.plist */ = {isa = PBXFileReference; lastKnownFileType = text.plist.xml; path = Info.plist; sourceTree = "<group>"; };
		69D3668F2A60E9BC00706977 /* RankingViewController.swift */ = {isa = PBXFileReference; lastKnownFileType = sourcecode.swift; path = RankingViewController.swift; sourceTree = "<group>"; };
		69D366952A70B66300706977 /* pokemon.json */ = {isa = PBXFileReference; lastKnownFileType = text.json; path = pokemon.json; sourceTree = "<group>"; };
		69D366992A70B72300706977 /* helpers.swift */ = {isa = PBXFileReference; lastKnownFileType = sourcecode.swift; path = helpers.swift; sourceTree = "<group>"; };
/* End PBXFileReference section */

/* Begin PBXFrameworksBuildPhase section */
		69D366722A60E90C00706977 /* Frameworks */ = {
			isa = PBXFrameworksBuildPhase;
			buildActionMask = 2147483647;
			files = (
			);
			runOnlyForDeploymentPostprocessing = 0;
		};
/* End PBXFrameworksBuildPhase section */

/* Begin PBXGroup section */
		69D3666C2A60E90C00706977 = {
			isa = PBXGroup;
			children = (
				69D366972A70B6E800706977 /* Data */,
				69D366772A60E90C00706977 /* GameRanking */,
				69D366762A60E90C00706977 /* Products */,
			);
			sourceTree = "<group>";
		};
		69D366762A60E90C00706977 /* Products */ = {
			isa = PBXGroup;
			children = (
				69D366752A60E90C00706977 /* GameRanking.app */,
			);
			name = Products;
			sourceTree = "<group>";
		};
		69D366772A60E90C00706977 /* GameRanking */ = {
			isa = PBXGroup;
			children = (
				69D366782A60E90C00706977 /* AppDelegate.swift */,
				69D3667A2A60E90C00706977 /* SceneDelegate.swift */,
				69D3667C2A60E90C00706977 /* ViewController.swift */,
				69D3667E2A60E90C00706977 /* Main.storyboard */,
				69D3668F2A60E9BC00706977 /* RankingViewController.swift */,
				69D366842A60E90D00706977 /* Assets.xcassets */,
				69D366862A60E90D00706977 /* LaunchScreen.storyboard */,
				69D366892A60E90D00706977 /* Info.plist */,
				69D366812A60E90C00706977 /* GameRanking.xcdatamodeld */,
			);
			path = GameRanking;
			sourceTree = "<group>";
		};
		69D366972A70B6E800706977 /* Data */ = {
			isa = PBXGroup;
			children = (
				69D366952A70B66300706977 /* pokemon.json */,
				69D366982A70B6F800706977 /* Helpers */,
			);
			path = Data;
			sourceTree = "<group>";
		};
		69D366982A70B6F800706977 /* Helpers */ = {
			isa = PBXGroup;
			children = (
				69D366992A70B72300706977 /* helpers.swift */,
			);
			path = Helpers;
			sourceTree = "<group>";
		};
/* End PBXGroup section */

/* Begin PBXNativeTarget section */
		69D366742A60E90C00706977 /* GameRanking */ = {
			isa = PBXNativeTarget;
			buildConfigurationList = 69D3668C2A60E90D00706977 /* Build configuration list for PBXNativeTarget "GameRanking" */;
			buildPhases = (
				69D366712A60E90C00706977 /* Sources */,
				69D366722A60E90C00706977 /* Frameworks */,
				69D366732A60E90C00706977 /* Resources */,
			);
			buildRules = (
			);
			dependencies = (
			);
			name = GameRanking;
			productName = GameRanking;
			productReference = 69D366752A60E90C00706977 /* GameRanking.app */;
			productType = "com.apple.product-type.application";
		};
/* End PBXNativeTarget section */

/* Begin PBXProject section */
		69D3666D2A60E90C00706977 /* Project object */ = {
			isa = PBXProject;
			attributes = {
				BuildIndependentTargetsInParallel = 1;
				LastSwiftUpdateCheck = 1410;
				LastUpgradeCheck = 1410;
				TargetAttributes = {
					69D366742A60E90C00706977 = {
						CreatedOnToolsVersion = 14.1;
					};
				};
			};
			buildConfigurationList = 69D366702A60E90C00706977 /* Build configuration list for PBXProject "GameRanking" */;
			compatibilityVersion = "Xcode 14.0";
			developmentRegion = en;
			hasScannedForEncodings = 0;
			knownRegions = (
				en,
				Base,
			);
			mainGroup = 69D3666C2A60E90C00706977;
			productRefGroup = 69D366762A60E90C00706977 /* Products */;
			projectDirPath = "";
			projectRoot = "";
			targets = (
				69D366742A60E90C00706977 /* GameRanking */,
			);
		};
/* End PBXProject section */

/* Begin PBXResourcesBuildPhase section */
		69D366732A60E90C00706977 /* Resources */ = {
			isa = PBXResourcesBuildPhase;
			buildActionMask = 2147483647;
			files = (
				69D366882A60E90D00706977 /* LaunchScreen.storyboard in Resources */,
				69D366962A70B66300706977 /* pokemon.json in Resources */,
				69D366852A60E90D00706977 /* Assets.xcassets in Resources */,
				69D366802A60E90C00706977 /* Main.storyboard in Resources */,
			);
			runOnlyForDeploymentPostprocessing = 0;
		};
/* End PBXResourcesBuildPhase section */

/* Begin PBXSourcesBuildPhase section */
		69D366712A60E90C00706977 /* Sources */ = {
			isa = PBXSourcesBuildPhase;
			buildActionMask = 2147483647;
			files = (
				69D366902A60E9BC00706977 /* RankingViewController.swift in Sources */,
				69D366832A60E90C00706977 /* GameRanking.xcdatamodeld in Sources */,
				69D3667D2A60E90C00706977 /* ViewController.swift in Sources */,
				69D366792A60E90C00706977 /* AppDelegate.swift in Sources */,
				69D3667B2A60E90C00706977 /* SceneDelegate.swift in Sources */,
				69D3669A2A70B72300706977 /* helpers.swift in Sources */,
			);
			runOnlyForDeploymentPostprocessing = 0;
		};
/* End PBXSourcesBuildPhase section */

/* Begin PBXVariantGroup section */
		69D3667E2A60E90C00706977 /* Main.storyboard */ = {
			isa = PBXVariantGroup;
			children = (
				69D3667F2A60E90C00706977 /* Base */,
			);
			name = Main.storyboard;
			sourceTree = "<group>";
		};
		69D366862A60E90D00706977 /* LaunchScreen.storyboard */ = {
			isa = PBXVariantGroup;
			children = (
				69D366872A60E90D00706977 /* Base */,
			);
			name = LaunchScreen.storyboard;
			sourceTree = "<group>";
		};
/* End PBXVariantGroup section */

/* Begin XCBuildConfiguration section */
		69D3668A2A60E90D00706977 /* Debug */ = {
			isa = XCBuildConfiguration;
			buildSettings = {
				ALWAYS_SEARCH_USER_PATHS = NO;
				CLANG_ANALYZER_NONNULL = YES;
				CLANG_ANALYZER_NUMBER_OBJECT_CONVERSION = YES_AGGRESSIVE;
				CLANG_CXX_LANGUAGE_STANDARD = "gnu++20";
				CLANG_ENABLE_MODULES = YES;
				CLANG_ENABLE_OBJC_ARC = YES;
				CLANG_ENABLE_OBJC_WEAK = YES;
				CLANG_WARN_BLOCK_CAPTURE_AUTORELEASING = YES;
				CLANG_WARN_BOOL_CONVERSION = YES;
				CLANG_WARN_COMMA = YES;
				CLANG_WARN_CONSTANT_CONVERSION = YES;
				CLANG_WARN_DEPRECATED_OBJC_IMPLEMENTATIONS = YES;
				CLANG_WARN_DIRECT_OBJC_ISA_USAGE = YES_ERROR;
				CLANG_WARN_DOCUMENTATION_COMMENTS = YES;
				CLANG_WARN_EMPTY_BODY = YES;
				CLANG_WARN_ENUM_CONVERSION = YES;
				CLANG_WARN_INFINITE_RECURSION = YES;
				CLANG_WARN_INT_CONVERSION = YES;
				CLANG_WARN_NON_LITERAL_NULL_CONVERSION = YES;
				CLANG_WARN_OBJC_IMPLICIT_RETAIN_SELF = YES;
				CLANG_WARN_OBJC_LITERAL_CONVERSION = YES;
				CLANG_WARN_OBJC_ROOT_CLASS = YES_ERROR;
				CLANG_WARN_QUOTED_INCLUDE_IN_FRAMEWORK_HEADER = YES;
				CLANG_WARN_RANGE_LOOP_ANALYSIS = YES;
				CLANG_WARN_STRICT_PROTOTYPES = YES;
				CLANG_WARN_SUSPICIOUS_MOVE = YES;
				CLANG_WARN_UNGUARDED_AVAILABILITY = YES_AGGRESSIVE;
				CLANG_WARN_UNREACHABLE_CODE = YES;
				CLANG_WARN__DUPLICATE_METHOD_MATCH = YES;
				COPY_PHASE_STRIP = NO;
				DEBUG_INFORMATION_FORMAT = dwarf;
				ENABLE_STRICT_OBJC_MSGSEND = YES;
				ENABLE_TESTABILITY = YES;
				GCC_C_LANGUAGE_STANDARD = gnu11;
				GCC_DYNAMIC_NO_PIC = NO;
				GCC_NO_COMMON_BLOCKS = YES;
				GCC_OPTIMIZATION_LEVEL = 0;
				GCC_PREPROCESSOR_DEFINITIONS = (
					"DEBUG=1",
					"$(inherited)",
				);
				GCC_WARN_64_TO_32_BIT_CONVERSION = YES;
				GCC_WARN_ABOUT_RETURN_TYPE = YES_ERROR;
				GCC_WARN_UNDECLARED_SELECTOR = YES;
				GCC_WARN_UNINITIALIZED_AUTOS = YES_AGGRESSIVE;
				GCC_WARN_UNUSED_FUNCTION = YES;
				GCC_WARN_UNUSED_VARIABLE = YES;
				IPHONEOS_DEPLOYMENT_TARGET = 16.1;
				MTL_ENABLE_DEBUG_INFO = INCLUDE_SOURCE;
				MTL_FAST_MATH = YES;
				ONLY_ACTIVE_ARCH = YES;
				SDKROOT = iphoneos;
				SWIFT_ACTIVE_COMPILATION_CONDITIONS = DEBUG;
				SWIFT_OPTIMIZATION_LEVEL = "-Onone";
			};
			name = Debug;
		};
		69D3668B2A60E90D00706977 /* Release */ = {
			isa = XCBuildConfiguration;
			buildSettings = {
				ALWAYS_SEARCH_USER_PATHS = NO;
				CLANG_ANALYZER_NONNULL = YES;
				CLANG_ANALYZER_NUMBER_OBJECT_CONVERSION = YES_AGGRESSIVE;
				CLANG_CXX_LANGUAGE_STANDARD = "gnu++20";
				CLANG_ENABLE_MODULES = YES;
				CLANG_ENABLE_OBJC_ARC = YES;
				CLANG_ENABLE_OBJC_WEAK = YES;
				CLANG_WARN_BLOCK_CAPTURE_AUTORELEASING = YES;
				CLANG_WARN_BOOL_CONVERSION = YES;
				CLANG_WARN_COMMA = YES;
				CLANG_WARN_CONSTANT_CONVERSION = YES;
				CLANG_WARN_DEPRECATED_OBJC_IMPLEMENTATIONS = YES;
				CLANG_WARN_DIRECT_OBJC_ISA_USAGE = YES_ERROR;
				CLANG_WARN_DOCUMENTATION_COMMENTS = YES;
				CLANG_WARN_EMPTY_BODY = YES;
				CLANG_WARN_ENUM_CONVERSION = YES;
				CLANG_WARN_INFINITE_RECURSION = YES;
				CLANG_WARN_INT_CONVERSION = YES;
				CLANG_WARN_NON_LITERAL_NULL_CONVERSION = YES;
				CLANG_WARN_OBJC_IMPLICIT_RETAIN_SELF = YES;
				CLANG_WARN_OBJC_LITERAL_CONVERSION = YES;
				CLANG_WARN_OBJC_ROOT_CLASS = YES_ERROR;
				CLANG_WARN_QUOTED_INCLUDE_IN_FRAMEWORK_HEADER = YES;
				CLANG_WARN_RANGE_LOOP_ANALYSIS = YES;
				CLANG_WARN_STRICT_PROTOTYPES = YES;
				CLANG_WARN_SUSPICIOUS_MOVE = YES;
				CLANG_WARN_UNGUARDED_AVAILABILITY = YES_AGGRESSIVE;
				CLANG_WARN_UNREACHABLE_CODE = YES;
				CLANG_WARN__DUPLICATE_METHOD_MATCH = YES;
				COPY_PHASE_STRIP = NO;
				DEBUG_INFORMATION_FORMAT = "dwarf-with-dsym";
				ENABLE_NS_ASSERTIONS = NO;
				ENABLE_STRICT_OBJC_MSGSEND = YES;
				GCC_C_LANGUAGE_STANDARD = gnu11;
				GCC_NO_COMMON_BLOCKS = YES;
				GCC_WARN_64_TO_32_BIT_CONVERSION = YES;
				GCC_WARN_ABOUT_RETURN_TYPE = YES_ERROR;
				GCC_WARN_UNDECLARED_SELECTOR = YES;
				GCC_WARN_UNINITIALIZED_AUTOS = YES_AGGRESSIVE;
				GCC_WARN_UNUSED_FUNCTION = YES;
				GCC_WARN_UNUSED_VARIABLE = YES;
				IPHONEOS_DEPLOYMENT_TARGET = 16.1;
				MTL_ENABLE_DEBUG_INFO = NO;
				MTL_FAST_MATH = YES;
				SDKROOT = iphoneos;
				SWIFT_COMPILATION_MODE = wholemodule;
				SWIFT_OPTIMIZATION_LEVEL = "-O";
				VALIDATE_PRODUCT = YES;
			};
			name = Release;
		};
		69D3668D2A60E90D00706977 /* Debug */ = {
			isa = XCBuildConfiguration;
			buildSettings = {
				ASSETCATALOG_COMPILER_APPICON_NAME = AppIcon;
				ASSETCATALOG_COMPILER_GLOBAL_ACCENT_COLOR_NAME = AccentColor;
				CODE_SIGN_STYLE = Automatic;
				CURRENT_PROJECT_VERSION = 1;
				GENERATE_INFOPLIST_FILE = YES;
				INFOPLIST_FILE = GameRanking/Info.plist;
				INFOPLIST_KEY_UIApplicationSupportsIndirectInputEvents = YES;
				INFOPLIST_KEY_UILaunchStoryboardName = LaunchScreen;
				INFOPLIST_KEY_UIMainStoryboardFile = Main;
				INFOPLIST_KEY_UISupportedInterfaceOrientations_iPad = "UIInterfaceOrientationPortrait UIInterfaceOrientationPortraitUpsideDown UIInterfaceOrientationLandscapeLeft UIInterfaceOrientationLandscapeRight";
				INFOPLIST_KEY_UISupportedInterfaceOrientations_iPhone = "UIInterfaceOrientationPortrait UIInterfaceOrientationLandscapeLeft UIInterfaceOrientationLandscapeRight";
				LD_RUNPATH_SEARCH_PATHS = (
					"$(inherited)",
					"@executable_path/Frameworks",
				);
				MARKETING_VERSION = 1.0;
				PRODUCT_BUNDLE_IDENTIFIER = com.GameRanking;
				PRODUCT_NAME = "$(TARGET_NAME)";
				SWIFT_EMIT_LOC_STRINGS = YES;
				SWIFT_VERSION = 5.0;
				TARGETED_DEVICE_FAMILY = "1,2";
			};
			name = Debug;
		};
		69D3668E2A60E90D00706977 /* Release */ = {
			isa = XCBuildConfiguration;
			buildSettings = {
				ASSETCATALOG_COMPILER_APPICON_NAME = AppIcon;
				ASSETCATALOG_COMPILER_GLOBAL_ACCENT_COLOR_NAME = AccentColor;
				CODE_SIGN_STYLE = Automatic;
				CURRENT_PROJECT_VERSION = 1;
				GENERATE_INFOPLIST_FILE = YES;
				INFOPLIST_FILE = GameRanking/Info.plist;
				INFOPLIST_KEY_UIApplicationSupportsIndirectInputEvents = YES;
				INFOPLIST_KEY_UILaunchStoryboardName = LaunchScreen;
				INFOPLIST_KEY_UIMainStoryboardFile = Main;
				INFOPLIST_KEY_UISupportedInterfaceOrientations_iPad = "UIInterfaceOrientationPortrait UIInterfaceOrientationPortraitUpsideDown UIInterfaceOrientationLandscapeLeft UIInterfaceOrientationLandscapeRight";
				INFOPLIST_KEY_UISupportedInterfaceOrientations_iPhone = "UIInterfaceOrientationPortrait UIInterfaceOrientationLandscapeLeft UIInterfaceOrientationLandscapeRight";
				LD_RUNPATH_SEARCH_PATHS = (
					"$(inherited)",
					"@executable_path/Frameworks",
				);
				MARKETING_VERSION = 1.0;
				PRODUCT_BUNDLE_IDENTIFIER = com.GameRanking;
				PRODUCT_NAME = "$(TARGET_NAME)";
				SWIFT_EMIT_LOC_STRINGS = YES;
				SWIFT_VERSION = 5.0;
				TARGETED_DEVICE_FAMILY = "1,2";
			};
			name = Release;
		};
/* End XCBuildConfiguration section */

/* Begin XCConfigurationList section */
		69D366702A60E90C00706977 /* Build configuration list for PBXProject "GameRanking" */ = {
			isa = XCConfigurationList;
			buildConfigurations = (
				69D3668A2A60E90D00706977 /* Debug */,
				69D3668B2A60E90D00706977 /* Release */,
			);
			defaultConfigurationIsVisible = 0;
			defaultConfigurationName = Release;
		};
		69D3668C2A60E90D00706977 /* Build configuration list for PBXNativeTarget "GameRanking" */ = {
			isa = XCConfigurationList;
			buildConfigurations = (
				69D3668D2A60E90D00706977 /* Debug */,
				69D3668E2A60E90D00706977 /* Release */,
			);
			defaultConfigurationIsVisible = 0;
			defaultConfigurationName = Release;
		};
/* End XCConfigurationList section */

/* Begin XCVersionGroup section */
		69D366812A60E90C00706977 /* GameRanking.xcdatamodeld */ = {
			isa = XCVersionGroup;
			children = (
				69D366822A60E90C00706977 /* GameRanking.xcdatamodel */,
			);
			currentVersion = 69D366822A60E90C00706977 /* GameRanking.xcdatamodel */;
			path = GameRanking.xcdatamodeld;
			sourceTree = "<group>";
			versionGroupType = wrapper.xcdatamodel;
		};
/* End XCVersionGroup section */
	};
	rootObject = 69D3666D2A60E90C00706977 /* Project object */;
}
